{
  "name": "feature-urgent-notify-2",
  "version": "1.0.0",
  "lockfileVersion": 3,
  "requires": true,
  "packages": {
    "": {
      "name": "feature-urgent-notify-2",
      "version": "1.0.0",
      "license": "MIT",
      "dependencies": {
        "@ctrl/tinycolor": "^2.2.0"
      },
      "engines": {
        "node": ">=14.0.0"
      }
    },
    "node_modules/@ctrl/tinycolor": {
      "version": "2.6.1",
      "resolved": "https://registry.npmjs.org/@ctrl/tinycolor/-/tinycolor-2.6.1.tgz",
      "integrity": "sha512-xKN3lAA+xbNhP+JX3sLhzA65IGiKqun/Yf9jBlZX7Og0SxlCrrqKxqTd6ccn20fv3Cgcvq6KnjPhnmS+v7uAwQ==",
      "license": "MIT",
      "engines": {
        "node": ">=8.0.0"
      }
    }
  }
}
