{
  "name": "feature-urgent-notify-2",
  "version": "1.0.0",
  "lockfileVersion": 3,
  "requires": true,
  "packages": {
    "": {
      "name": "feature-urgent-notify-2",
      "version": "1.0.0",
      "license": "MIT",
      "dependencies": {
        "@ctrl/tinycolor": "^1.1.0"
      },
      "engines": {
        "node": ">=14.0.0"
      }
    },
    "node_modules/@ctrl/tinycolor": {
      "version": "1.2.0",
      "resolved": "https://registry.npmjs.org/@ctrl/tinycolor/-/tinycolor-1.2.0.tgz",
      "integrity": "sha512-3oZU+kakO4l0u3+qo3oZ+kX0Lb2xB9FctNgVOlrf0ZY0BBQWoETwOBDKEBI9LM0CQET979o7Sh78hnxX7MBxuQ==",
      "license": "MIT",
      "engines": {
        "node": ">=8.0.0"
      }
    }
  }
}
